
Microsoft Visual Studio Solution File, Format Version 12.00
# Visual Studio 15
VisualStudioVersion = 15.0.26430.4
MinimumVisualStudioVersion = 10.0.40219.1
Project("{FAE04EC0-301F-11D3-BF4B-00C04F79EFBC}") = "CareerCloud.Pocos", "CareerCloud.Pocos\CareerCloud.Pocos.csproj", "{3CB3AAF1-ACFD-4762-8BED-7972AC43DCE3}"
EndProject
Project("{FAE04EC0-301F-11D3-BF4B-00C04F79EFBC}") = "CareerCloud.UnitTests.Assignment1", "CareerCloud.UnitTests.Assignment1\CareerCloud.UnitTests.Assignment1.csproj", "{0EF4F160-68B1-491A-925F-064D66EC3283}"
EndProject
Project("{FAE04EC0-301F-11D3-BF4B-00C04F79EFBC}") = "CareerCloud.DataAccessLayer", "CareerCloud.DataAccessLayer\CareerCloud.DataAccessLayer.csproj", "{D958B003-7743-4BCE-BC01-AA735F667CB1}"
EndProject
Project("{FAE04EC0-301F-11D3-BF4B-00C04F79EFBC}") = "CareerCloud.ADODataAccessLayer", "CareerCloud.ADODataAccessLayer\CareerCloud.ADODataAccessLayer.csproj", "{709DA2BA-C154-444D-B69C-CCF602935416}"
EndProject
Project("{FAE04EC0-301F-11D3-BF4B-00C04F79EFBC}") = "CareerCloud.UnitTests.Assignment2", "CareerCloud.UnitTests.Assignment2\CareerCloud.UnitTests.Assignment2\CareerCloud.UnitTests.Assignment2.csproj", "{6E68DDCD-CDB9-4ABF-8DF3-57AE31F474E3}"
EndProject
Global
	GlobalSection(SolutionConfigurationPlatforms) = preSolution
		Debug|Any CPU = Debug|Any CPU
		Release|Any CPU = Release|Any CPU
	EndGlobalSection
	GlobalSection(ProjectConfigurationPlatforms) = postSolution
		{3CB3AAF1-ACFD-4762-8BED-7972AC43DCE3}.Debug|Any CPU.ActiveCfg = Debug|Any CPU
		{3CB3AAF1-ACFD-4762-8BED-7972AC43DCE3}.Debug|Any CPU.Build.0 = Debug|Any CPU
		{3CB3AAF1-ACFD-4762-8BED-7972AC43DCE3}.Release|Any CPU.ActiveCfg = Release|Any CPU
		{3CB3AAF1-ACFD-4762-8BED-7972AC43DCE3}.Release|Any CPU.Build.0 = Release|Any CPU
		{0EF4F160-68B1-491A-925F-064D66EC3283}.Debug|Any CPU.ActiveCfg = Debug|Any CPU
		{0EF4F160-68B1-491A-925F-064D66EC3283}.Debug|Any CPU.Build.0 = Debug|Any CPU
		{0EF4F160-68B1-491A-925F-064D66EC3283}.Release|Any CPU.ActiveCfg = Release|Any CPU
		{0EF4F160-68B1-491A-925F-064D66EC3283}.Release|Any CPU.Build.0 = Release|Any CPU
		{D958B003-7743-4BCE-BC01-AA735F667CB1}.Debug|Any CPU.ActiveCfg = Debug|Any CPU
		{D958B003-7743-4BCE-BC01-AA735F667CB1}.Debug|Any CPU.Build.0 = Debug|Any CPU
		{D958B003-7743-4BCE-BC01-AA735F667CB1}.Release|Any CPU.ActiveCfg = Release|Any CPU
		{D958B003-7743-4BCE-BC01-AA735F667CB1}.Release|Any CPU.Build.0 = Release|Any CPU
		{709DA2BA-C154-444D-B69C-CCF602935416}.Debug|Any CPU.ActiveCfg = Debug|Any CPU
		{709DA2BA-C154-444D-B69C-CCF602935416}.Debug|Any CPU.Build.0 = Debug|Any CPU
		{709DA2BA-C154-444D-B69C-CCF602935416}.Release|Any CPU.ActiveCfg = Release|Any CPU
		{709DA2BA-C154-444D-B69C-CCF602935416}.Release|Any CPU.Build.0 = Release|Any CPU
		{6E68DDCD-CDB9-4ABF-8DF3-57AE31F474E3}.Debug|Any CPU.ActiveCfg = Debug|Any CPU
		{6E68DDCD-CDB9-4ABF-8DF3-57AE31F474E3}.Debug|Any CPU.Build.0 = Debug|Any CPU
		{6E68DDCD-CDB9-4ABF-8DF3-57AE31F474E3}.Release|Any CPU.ActiveCfg = Release|Any CPU
		{6E68DDCD-CDB9-4ABF-8DF3-57AE31F474E3}.Release|Any CPU.Build.0 = Release|Any CPU
	EndGlobalSection
	GlobalSection(SolutionProperties) = preSolution
		HideSolutionNode = FALSE
	EndGlobalSection
EndGlobal
